
Microsoft Visual Studio Solution File, Format Version 12.00
# Visual Studio Version 17
VisualStudioVersion = 17.9.34622.214
MinimumVisualStudioVersion = 10.0.40219.1
Project("{FAE04EC0-301F-11D3-BF4B-00C04F79EFBC}") = "PrimeiroDesafio", "PrimeiroDesafio\PrimeiroDesafio.csproj", "{6E8B08F0-BA15-429B-9902-53E430C59DEE}"
EndProject
Global
	GlobalSection(SolutionConfigurationPlatforms) = preSolution
		Debug|Any CPU = Debug|Any CPU
		Release|Any CPU = Release|Any CPU
	EndGlobalSection
	GlobalSection(ProjectConfigurationPlatforms) = postSolution
		{6E8B08F0-BA15-429B-9902-53E430C59DEE}.Debug|Any CPU.ActiveCfg = Debug|Any CPU
		{6E8B08F0-BA15-429B-9902-53E430C59DEE}.Debug|Any CPU.Build.0 = Debug|Any CPU
		{6E8B08F0-BA15-429B-9902-53E430C59DEE}.Release|Any CPU.ActiveCfg = Release|Any CPU
		{6E8B08F0-BA15-429B-9902-53E430C59DEE}.Release|Any CPU.Build.0 = Release|Any CPU
	EndGlobalSection
	GlobalSection(SolutionProperties) = preSolution
		HideSolutionNode = FALSE
	EndGlobalSection
	GlobalSection(ExtensibilityGlobals) = postSolution
		SolutionGuid = {7895A890-C1A2-425C-AB3D-B743C41AD6A7}
	EndGlobalSection
EndGlobal
